{
  "name": "connector-wechat-miniprogram",
  "version": "0.0.0",
  "lockfileVersion": 3,
  "requires": true,
  "packages": {
    "": {
      "name": "connector-wechat-miniprogram",
      "version": "0.0.0",
      "dependencies": {
        "@logto/connector-kit": "^1.1.1",
        "zod": "^3.21.4"
      },
      "devDependencies": {
        "@types/node": "^20.2.3",
        "typescript": "^5.0.4"
      }
    },
    "node_modules/@logto/connector-kit": {
      "version": "1.1.1",
      "resolved": "https://registry.npmjs.org/@logto/connector-kit/-/connector-kit-1.1.1.tgz",
      "integrity": "sha512-VG6prmUQRQKwv+Mxj6BeMBA54EElhvkDZdPi/SieRZKubF6OaBjFK3pX9FdmQBzFd6KywbsPmytmhoaxTOHTLw==",
      "dependencies": {
        "@logto/language-kit": "^1.0.0",
        "@silverhand/essentials": "^2.5.0"
      },
      "engines": {
        "node": "^18.12.0"
      },
      "optionalDependencies": {
        "zod": "^3.20.2"
      }
    },
    "node_modules/@logto/language-kit": {
      "version": "1.0.0",
      "resolved": "https://registry.npmjs.org/@logto/language-kit/-/language-kit-1.0.0.tgz",
      "integrity": "sha512-lsnxOecS7eE7z/ZAf8sSQ3+VFWdw78sqDc/oESso6ZqzKSUGfkBdEMxcUhqh6JpFb62bNFND4Lgyvj+g6y94qw==",
      "engines": {
        "node": "^18.12.0"
      },
      "optionalDependencies": {
        "zod": "^3.20.2"
      }
    },
    "node_modules/@silverhand/essentials": {
      "version": "2.6.2",
      "resolved": "https://registry.npmjs.org/@silverhand/essentials/-/essentials-2.6.2.tgz",
      "integrity": "sha512-1b5u2BGEa14V3o8XzaE7eL+nuwmQe8c1wqSMcGvq+KAusPPZo9tV4glbfF16Xi/ohv37vUpBGJ2DNf4CfuxBLw==",
      "engines": {
        "node": "^16.13.0 || ^18.12.0 || ^19.2.0",
        "pnpm": "^8.0.0"
      }
    },
    "node_modules/@types/node": {
      "version": "20.2.3",
      "resolved": "https://registry.npmjs.org/@types/node/-/node-20.2.3.tgz",
      "integrity": "sha512-pg9d0yC4rVNWQzX8U7xb4olIOFuuVL9za3bzMT2pu2SU0SNEi66i2qrvhE2qt0HvkhuCaWJu7pLNOt/Pj8BIrw==",
      "dev": true
    },
    "node_modules/typescript": {
      "version": "5.0.4",
      "resolved": "https://registry.npmjs.org/typescript/-/typescript-5.0.4.tgz",
      "integrity": "sha512-cW9T5W9xY37cc+jfEnaUvX91foxtHkza3Nw3wkoF4sSlKn0MONdkdEndig/qPBWXNkmplh3NzayQzCiHM4/hqw==",
      "dev": true,
      "bin": {
        "tsc": "bin/tsc",
        "tsserver": "bin/tsserver"
      },
      "engines": {
        "node": ">=12.20"
      }
    },
    "node_modules/zod": {
      "version": "3.21.4",
      "resolved": "https://registry.npmjs.org/zod/-/zod-3.21.4.tgz",
      "integrity": "sha512-m46AKbrzKVzOzs/DZgVnG5H55N1sv1M8qZU3A8RIKbs3mrACDNeIOeilDymVb2HdmP8uwshOCF4uJ8uM9rCqJw==",
      "funding": {
        "url": "https://github.com/sponsors/colinhacks"
      }
    }
  }
}
